// !$*UTF8*$!
{
	archiveVersion = 1;
	classes = {
	};
	objectVersion = 46;
	objects = {

/* Begin PBXBuildFile section */
		CD4866801DE5537700AB3947 /* StatusItem.swift in Sources */ = {isa = PBXBuildFile; fileRef = CD48667F1DE5537700AB3947 /* StatusItem.swift */; };
		CD4866831DE5574A00AB3947 /* TimeLeft.swift in Sources */ = {isa = PBXBuildFile; fileRef = CD4866821DE5574A00AB3947 /* TimeLeft.swift */; };
		CD4E6AEE1DE3C86B00778E0D /* LifeMeterHelperApp.app in CopyFiles */ = {isa = PBXBuildFile; fileRef = CD4E6AEC1DE3C6DA00778E0D /* LifeMeterHelperApp.app */; settings = {ATTRIBUTES = (RemoveHeadersOnCopy, ); }; };
		CD4E6AF11DE3C9D000778E0D /* ServiceManagement.framework in Frameworks */ = {isa = PBXBuildFile; fileRef = CD4E6AF01DE3C9D000778E0D /* ServiceManagement.framework */; };
		CD4E6AF51DE3C9F700778E0D /* StartAtLoginController.m in Sources */ = {isa = PBXBuildFile; fileRef = CD4E6AF41DE3C9F700778E0D /* StartAtLoginController.m */; };
		CDC86D761DE3AFCA00ED1A9B /* AppDelegate.swift in Sources */ = {isa = PBXBuildFile; fileRef = CDC86D751DE3AFCA00ED1A9B /* AppDelegate.swift */; };
		CDC86D781DE3AFCA00ED1A9B /* Assets.xcassets in Resources */ = {isa = PBXBuildFile; fileRef = CDC86D771DE3AFCA00ED1A9B /* Assets.xcassets */; };
		CDC86D7B1DE3AFCA00ED1A9B /* MainMenu.xib in Resources */ = {isa = PBXBuildFile; fileRef = CDC86D791DE3AFCA00ED1A9B /* MainMenu.xib */; };
		CDC86D931DE3B11A00ED1A9B /* si-bg@2x.tiff in Resources */ = {isa = PBXBuildFile; fileRef = CDC86D911DE3B11A00ED1A9B /* si-bg@2x.tiff */; };
		CDC86D941DE3B11A00ED1A9B /* si-fill@2x.tiff in Resources */ = {isa = PBXBuildFile; fileRef = CDC86D921DE3B11A00ED1A9B /* si-fill@2x.tiff */; };
		CDD895491DF0CA7C00E53FEE /* TimeLeftTests.swift in Sources */ = {isa = PBXBuildFile; fileRef = CDD895481DF0CA7C00E53FEE /* TimeLeftTests.swift */; };
/* End PBXBuildFile section */

/* Begin PBXContainerItemProxy section */
		CD4E6AEB1DE3C6DA00778E0D /* PBXContainerItemProxy */ = {
			isa = PBXContainerItemProxy;
			containerPortal = CD4E6AE71DE3C6DA00778E0D /* LifeMeterHelperApp.xcodeproj */;
			proxyType = 2;
			remoteGlobalIDString = CD4E6AD71DE3C6D500778E0D;
			remoteInfo = LifeMeterHelperApp;
		};
		CDC86D821DE3AFCA00ED1A9B /* PBXContainerItemProxy */ = {
			isa = PBXContainerItemProxy;
			containerPortal = CDC86D6A1DE3AFC900ED1A9B /* Project object */;
			proxyType = 1;
			remoteGlobalIDString = CDC86D711DE3AFC900ED1A9B;
			remoteInfo = LifeMeter;
		};
/* End PBXContainerItemProxy section */

/* Begin PBXCopyFilesBuildPhase section */
		CD4E6AED1DE3C85300778E0D /* CopyFiles */ = {
			isa = PBXCopyFilesBuildPhase;
			buildActionMask = 2147483647;
			dstPath = Contents/Library/LoginItems;
			dstSubfolderSpec = 1;
			files = (
				CD4E6AEE1DE3C86B00778E0D /* LifeMeterHelperApp.app in CopyFiles */,
			);
			runOnlyForDeploymentPostprocessing = 0;
		};
/* End PBXCopyFilesBuildPhase section */

/* Begin PBXFileReference section */
		CD48667F1DE5537700AB3947 /* StatusItem.swift */ = {isa = PBXFileReference; fileEncoding = 4; lastKnownFileType = sourcecode.swift; path = StatusItem.swift; sourceTree = "<group>"; };
		CD4866821DE5574A00AB3947 /* TimeLeft.swift */ = {isa = PBXFileReference; fileEncoding = 4; lastKnownFileType = sourcecode.swift; path = TimeLeft.swift; sourceTree = "<group>"; };
		CD4E6AE71DE3C6DA00778E0D /* LifeMeterHelperApp.xcodeproj */ = {isa = PBXFileReference; lastKnownFileType = "wrapper.pb-project"; name = LifeMeterHelperApp.xcodeproj; path = LifeMeterHelperApp/LifeMeterHelperApp.xcodeproj; sourceTree = "<group>"; };
		CD4E6AF01DE3C9D000778E0D /* ServiceManagement.framework */ = {isa = PBXFileReference; lastKnownFileType = wrapper.framework; name = ServiceManagement.framework; path = System/Library/Frameworks/ServiceManagement.framework; sourceTree = SDKROOT; };
		CD4E6AF21DE3C9F700778E0D /* LifeMeter-Bridging-Header.h */ = {isa = PBXFileReference; lastKnownFileType = sourcecode.c.h; path = "LifeMeter-Bridging-Header.h"; sourceTree = "<group>"; };
		CD4E6AF31DE3C9F700778E0D /* StartAtLoginController.h */ = {isa = PBXFileReference; fileEncoding = 4; lastKnownFileType = sourcecode.c.h; path = StartAtLoginController.h; sourceTree = "<group>"; };
		CD4E6AF41DE3C9F700778E0D /* StartAtLoginController.m */ = {isa = PBXFileReference; fileEncoding = 4; lastKnownFileType = sourcecode.c.objc; path = StartAtLoginController.m; sourceTree = "<group>"; };
		CDC86D721DE3AFCA00ED1A9B /* Life Meter.app */ = {isa = PBXFileReference; explicitFileType = wrapper.application; includeInIndex = 0; path = "Life Meter.app"; sourceTree = BUILT_PRODUCTS_DIR; };
		CDC86D751DE3AFCA00ED1A9B /* AppDelegate.swift */ = {isa = PBXFileReference; lastKnownFileType = sourcecode.swift; path = AppDelegate.swift; sourceTree = "<group>"; };
		CDC86D771DE3AFCA00ED1A9B /* Assets.xcassets */ = {isa = PBXFileReference; lastKnownFileType = folder.assetcatalog; path = Assets.xcassets; sourceTree = "<group>"; };
		CDC86D7A1DE3AFCA00ED1A9B /* Base */ = {isa = PBXFileReference; lastKnownFileType = file.xib; name = Base; path = Base.lproj/MainMenu.xib; sourceTree = "<group>"; };
		CDC86D7C1DE3AFCA00ED1A9B /* Info.plist */ = {isa = PBXFileReference; lastKnownFileType = text.plist.xml; path = Info.plist; sourceTree = "<group>"; };
		CDC86D811DE3AFCA00ED1A9B /* LifeMeterTests.xctest */ = {isa = PBXFileReference; explicitFileType = wrapper.cfbundle; includeInIndex = 0; path = LifeMeterTests.xctest; sourceTree = BUILT_PRODUCTS_DIR; };
		CDC86D871DE3AFCA00ED1A9B /* Info.plist */ = {isa = PBXFileReference; lastKnownFileType = text.plist.xml; path = Info.plist; sourceTree = "<group>"; };
		CDC86D911DE3B11A00ED1A9B /* si-bg@2x.tiff */ = {isa = PBXFileReference; lastKnownFileType = image.tiff; name = "si-bg@2x.tiff"; path = "Assets.xcassets/si-bg@2x.tiff"; sourceTree = "<group>"; };
		CDC86D921DE3B11A00ED1A9B /* si-fill@2x.tiff */ = {isa = PBXFileReference; lastKnownFileType = image.tiff; name = "si-fill@2x.tiff"; path = "Assets.xcassets/si-fill@2x.tiff"; sourceTree = "<group>"; };
		CDD895481DF0CA7C00E53FEE /* TimeLeftTests.swift */ = {isa = PBXFileReference; fileEncoding = 4; lastKnownFileType = sourcecode.swift; path = TimeLeftTests.swift; sourceTree = "<group>"; };
		CDE4F5CB1DE564D0009D2030 /* LifeMeter.entitlements */ = {isa = PBXFileReference; lastKnownFileType = text.plist.entitlements; path = LifeMeter.entitlements; sourceTree = "<group>"; };
/* End PBXFileReference section */

/* Begin PBXFrameworksBuildPhase section */
		CDC86D6F1DE3AFC900ED1A9B /* Frameworks */ = {
			isa = PBXFrameworksBuildPhase;
			buildActionMask = 2147483647;
			files = (
				CD4E6AF11DE3C9D000778E0D /* ServiceManagement.framework in Frameworks */,
			);
			runOnlyForDeploymentPostprocessing = 0;
		};
		CDC86D7E1DE3AFCA00ED1A9B /* Frameworks */ = {
			isa = PBXFrameworksBuildPhase;
			buildActionMask = 2147483647;
			files = (
			);
			runOnlyForDeploymentPostprocessing = 0;
		};
/* End PBXFrameworksBuildPhase section */

/* Begin PBXGroup section */
		CD4E6AE81DE3C6DA00778E0D /* Products */ = {
			isa = PBXGroup;
			children = (
				CD4E6AEC1DE3C6DA00778E0D /* LifeMeterHelperApp.app */,
			);
			name = Products;
			sourceTree = "<group>";
		};
		CD4E6AEF1DE3C9CF00778E0D /* Frameworks */ = {
			isa = PBXGroup;
			children = (
				CD4E6AF01DE3C9D000778E0D /* ServiceManagement.framework */,
			);
			name = Frameworks;
			sourceTree = "<group>";
		};
		CD4E6AF71DE3CA0700778E0D /* Vendor */ = {
			isa = PBXGroup;
			children = (
				CD4E6AF31DE3C9F700778E0D /* StartAtLoginController.h */,
				CD4E6AF41DE3C9F700778E0D /* StartAtLoginController.m */,
			);
			name = Vendor;
			sourceTree = "<group>";
		};
		CDC86D691DE3AFC900ED1A9B = {
			isa = PBXGroup;
			children = (
				CD4E6AE71DE3C6DA00778E0D /* LifeMeterHelperApp.xcodeproj */,
				CDC86D741DE3AFCA00ED1A9B /* LifeMeter */,
				CDC86D841DE3AFCA00ED1A9B /* LifeMeterTests */,
				CDC86D731DE3AFCA00ED1A9B /* Products */,
				CD4E6AEF1DE3C9CF00778E0D /* Frameworks */,
			);
			sourceTree = "<group>";
		};
		CDC86D731DE3AFCA00ED1A9B /* Products */ = {
			isa = PBXGroup;
			children = (
				CDC86D721DE3AFCA00ED1A9B /* Life Meter.app */,
				CDC86D811DE3AFCA00ED1A9B /* LifeMeterTests.xctest */,
			);
			name = Products;
			sourceTree = "<group>";
		};
		CDC86D741DE3AFCA00ED1A9B /* LifeMeter */ = {
			isa = PBXGroup;
			children = (
				CDE4F5CB1DE564D0009D2030 /* LifeMeter.entitlements */,
				CD4E6AF71DE3CA0700778E0D /* Vendor */,
				CDC86D901DE3B10800ED1A9B /* Images */,
				CDC86D751DE3AFCA00ED1A9B /* AppDelegate.swift */,
				CD4866821DE5574A00AB3947 /* TimeLeft.swift */,
				CD48667F1DE5537700AB3947 /* StatusItem.swift */,
				CDC86D771DE3AFCA00ED1A9B /* Assets.xcassets */,
				CDC86D791DE3AFCA00ED1A9B /* MainMenu.xib */,
				CDC86D7C1DE3AFCA00ED1A9B /* Info.plist */,
				CD4E6AF21DE3C9F700778E0D /* LifeMeter-Bridging-Header.h */,
			);
			path = LifeMeter;
			sourceTree = "<group>";
		};
		CDC86D841DE3AFCA00ED1A9B /* LifeMeterTests */ = {
			isa = PBXGroup;
			children = (
				CDD895481DF0CA7C00E53FEE /* TimeLeftTests.swift */,
				CDC86D871DE3AFCA00ED1A9B /* Info.plist */,
			);
			path = LifeMeterTests;
			sourceTree = "<group>";
		};
		CDC86D901DE3B10800ED1A9B /* Images */ = {
			isa = PBXGroup;
			children = (
				CDC86D911DE3B11A00ED1A9B /* si-bg@2x.tiff */,
				CDC86D921DE3B11A00ED1A9B /* si-fill@2x.tiff */,
			);
			name = Images;
			sourceTree = "<group>";
		};
/* End PBXGroup section */

/* Begin PBXNativeTarget section */
		CDC86D711DE3AFC900ED1A9B /* LifeMeter */ = {
			isa = PBXNativeTarget;
			buildConfigurationList = CDC86D8A1DE3AFCA00ED1A9B /* Build configuration list for PBXNativeTarget "LifeMeter" */;
			buildPhases = (
				CDC86D6E1DE3AFC900ED1A9B /* Sources */,
				CDC86D6F1DE3AFC900ED1A9B /* Frameworks */,
				CDC86D701DE3AFC900ED1A9B /* Resources */,
				CD4E6AED1DE3C85300778E0D /* CopyFiles */,
			);
			buildRules = (
			);
			dependencies = (
			);
			name = LifeMeter;
			productName = LifeMeter;
			productReference = CDC86D721DE3AFCA00ED1A9B /* Life Meter.app */;
			productType = "com.apple.product-type.application";
		};
		CDC86D801DE3AFCA00ED1A9B /* LifeMeterTests */ = {
			isa = PBXNativeTarget;
			buildConfigurationList = CDC86D8D1DE3AFCA00ED1A9B /* Build configuration list for PBXNativeTarget "LifeMeterTests" */;
			buildPhases = (
				CDC86D7D1DE3AFCA00ED1A9B /* Sources */,
				CDC86D7E1DE3AFCA00ED1A9B /* Frameworks */,
				CDC86D7F1DE3AFCA00ED1A9B /* Resources */,
			);
			buildRules = (
			);
			dependencies = (
				CDC86D831DE3AFCA00ED1A9B /* PBXTargetDependency */,
			);
			name = LifeMeterTests;
			productName = LifeMeterTests;
			productReference = CDC86D811DE3AFCA00ED1A9B /* LifeMeterTests.xctest */;
			productType = "com.apple.product-type.bundle.unit-test";
		};
/* End PBXNativeTarget section */

/* Begin PBXProject section */
		CDC86D6A1DE3AFC900ED1A9B /* Project object */ = {
			isa = PBXProject;
			attributes = {
				LastSwiftUpdateCheck = 0810;
				LastUpgradeCheck = 1240;
				ORGANIZATIONNAME = "Brian Palmer";
				TargetAttributes = {
					CDC86D711DE3AFC900ED1A9B = {
						CreatedOnToolsVersion = 8.1;
						DevelopmentTeam = CDD65LJK48;
						LastSwiftMigration = 0810;
						ProvisioningStyle = Manual;
						SystemCapabilities = {
							com.apple.Sandbox = {
								enabled = 1;
							};
						};
					};
					CDC86D801DE3AFCA00ED1A9B = {
						CreatedOnToolsVersion = 8.1;
						DevelopmentTeam = 6HMK6GJWMT;
						ProvisioningStyle = Automatic;
						TestTargetID = CDC86D711DE3AFC900ED1A9B;
					};
				};
			};
			buildConfigurationList = CDC86D6D1DE3AFC900ED1A9B /* Build configuration list for PBXProject "LifeMeter" */;
			compatibilityVersion = "Xcode 3.2";
			developmentRegion = en;
			hasScannedForEncodings = 0;
			knownRegions = (
				en,
				Base,
			);
			mainGroup = CDC86D691DE3AFC900ED1A9B;
			productRefGroup = CDC86D731DE3AFCA00ED1A9B /* Products */;
			projectDirPath = "";
			projectReferences = (
				{
					ProductGroup = CD4E6AE81DE3C6DA00778E0D /* Products */;
					ProjectRef = CD4E6AE71DE3C6DA00778E0D /* LifeMeterHelperApp.xcodeproj */;
				},
			);
			projectRoot = "";
			targets = (
				CDC86D711DE3AFC900ED1A9B /* LifeMeter */,
				CDC86D801DE3AFCA00ED1A9B /* LifeMeterTests */,
			);
		};
/* End PBXProject section */

/* Begin PBXReferenceProxy section */
		CD4E6AEC1DE3C6DA00778E0D /* LifeMeterHelperApp.app */ = {
			isa = PBXReferenceProxy;
			fileType = wrapper.application;
			path = LifeMeterHelperApp.app;
			remoteRef = CD4E6AEB1DE3C6DA00778E0D /* PBXContainerItemProxy */;
			sourceTree = BUILT_PRODUCTS_DIR;
		};
/* End PBXReferenceProxy section */

/* Begin PBXResourcesBuildPhase section */
		CDC86D701DE3AFC900ED1A9B /* Resources */ = {
			isa = PBXResourcesBuildPhase;
			buildActionMask = 2147483647;
			files = (
				CDC86D941DE3B11A00ED1A9B /* si-fill@2x.tiff in Resources */,
				CDC86D781DE3AFCA00ED1A9B /* Assets.xcassets in Resources */,
				CDC86D931DE3B11A00ED1A9B /* si-bg@2x.tiff in Resources */,
				CDC86D7B1DE3AFCA00ED1A9B /* MainMenu.xib in Resources */,
			);
			runOnlyForDeploymentPostprocessing = 0;
		};
		CDC86D7F1DE3AFCA00ED1A9B /* Resources */ = {
			isa = PBXResourcesBuildPhase;
			buildActionMask = 2147483647;
			files = (
			);
			runOnlyForDeploymentPostprocessing = 0;
		};
/* End PBXResourcesBuildPhase section */

/* Begin PBXSourcesBuildPhase section */
		CDC86D6E1DE3AFC900ED1A9B /* Sources */ = {
			isa = PBXSourcesBuildPhase;
			buildActionMask = 2147483647;
			files = (
				CD4866801DE5537700AB3947 /* StatusItem.swift in Sources */,
				CDC86D761DE3AFCA00ED1A9B /* AppDelegate.swift in Sources */,
				CD4E6AF51DE3C9F700778E0D /* StartAtLoginController.m in Sources */,
				CD4866831DE5574A00AB3947 /* TimeLeft.swift in Sources */,
			);
			runOnlyForDeploymentPostprocessing = 0;
		};
		CDC86D7D1DE3AFCA00ED1A9B /* Sources */ = {
			isa = PBXSourcesBuildPhase;
			buildActionMask = 2147483647;
			files = (
				CDD895491DF0CA7C00E53FEE /* TimeLeftTests.swift in Sources */,
			);
			runOnlyForDeploymentPostprocessing = 0;
		};
/* End PBXSourcesBuildPhase section */

/* Begin PBXTargetDependency section */
		CDC86D831DE3AFCA00ED1A9B /* PBXTargetDependency */ = {
			isa = PBXTargetDependency;
			target = CDC86D711DE3AFC900ED1A9B /* LifeMeter */;
			targetProxy = CDC86D821DE3AFCA00ED1A9B /* PBXContainerItemProxy */;
		};
/* End PBXTargetDependency section */

/* Begin PBXVariantGroup section */
		CDC86D791DE3AFCA00ED1A9B /* MainMenu.xib */ = {
			isa = PBXVariantGroup;
			children = (
				CDC86D7A1DE3AFCA00ED1A9B /* Base */,
			);
			name = MainMenu.xib;
			sourceTree = "<group>";
		};
/* End PBXVariantGroup section */

/* Begin XCBuildConfiguration section */
		CDC86D881DE3AFCA00ED1A9B /* Debug */ = {
			isa = XCBuildConfiguration;
			buildSettings = {
				ALWAYS_SEARCH_USER_PATHS = NO;
				CLANG_ANALYZER_LOCALIZABILITY_NONLOCALIZED = YES;
				CLANG_ANALYZER_NONNULL = YES;
				CLANG_CXX_LANGUAGE_STANDARD = "gnu++0x";
				CLANG_CXX_LIBRARY = "libc++";
				CLANG_ENABLE_MODULES = YES;
				CLANG_ENABLE_OBJC_ARC = YES;
				CLANG_WARN_BLOCK_CAPTURE_AUTORELEASING = YES;
				CLANG_WARN_BOOL_CONVERSION = YES;
				CLANG_WARN_COMMA = YES;
				CLANG_WARN_CONSTANT_CONVERSION = YES;
				CLANG_WARN_DEPRECATED_OBJC_IMPLEMENTATIONS = YES;
				CLANG_WARN_DIRECT_OBJC_ISA_USAGE = YES_ERROR;
				CLANG_WARN_DOCUMENTATION_COMMENTS = YES;
				CLANG_WARN_EMPTY_BODY = YES;
				CLANG_WARN_ENUM_CONVERSION = YES;
				CLANG_WARN_INFINITE_RECURSION = YES;
				CLANG_WARN_INT_CONVERSION = YES;
				CLANG_WARN_NON_LITERAL_NULL_CONVERSION = YES;
				CLANG_WARN_OBJC_IMPLICIT_RETAIN_SELF = YES;
				CLANG_WARN_OBJC_LITERAL_CONVERSION = YES;
				CLANG_WARN_OBJC_ROOT_CLASS = YES_ERROR;
				CLANG_WARN_QUOTED_INCLUDE_IN_FRAMEWORK_HEADER = YES;
				CLANG_WARN_RANGE_LOOP_ANALYSIS = YES;
				CLANG_WARN_STRICT_PROTOTYPES = YES;
				CLANG_WARN_SUSPICIOUS_MOVE = YES;
				CLANG_WARN_SUSPICIOUS_MOVES = YES;
				CLANG_WARN_UNREACHABLE_CODE = YES;
				CLANG_WARN__DUPLICATE_METHOD_MATCH = YES;
				CODE_SIGN_IDENTITY = "-";
				COPY_PHASE_STRIP = NO;
				DEBUG_INFORMATION_FORMAT = dwarf;
				ENABLE_STRICT_OBJC_MSGSEND = YES;
				ENABLE_TESTABILITY = YES;
				GCC_C_LANGUAGE_STANDARD = gnu99;
				GCC_DYNAMIC_NO_PIC = NO;
				GCC_NO_COMMON_BLOCKS = YES;
				GCC_OPTIMIZATION_LEVEL = 0;
				GCC_PREPROCESSOR_DEFINITIONS = (
					"DEBUG=1",
					"$(inherited)",
				);
				GCC_WARN_64_TO_32_BIT_CONVERSION = YES;
				GCC_WARN_ABOUT_RETURN_TYPE = YES_ERROR;
				GCC_WARN_UNDECLARED_SELECTOR = YES;
				GCC_WARN_UNINITIALIZED_AUTOS = YES_AGGRESSIVE;
				GCC_WARN_UNUSED_FUNCTION = YES;
				GCC_WARN_UNUSED_VARIABLE = YES;
				MACOSX_DEPLOYMENT_TARGET = 10.12;
				MTL_ENABLE_DEBUG_INFO = YES;
				ONLY_ACTIVE_ARCH = YES;
				PRODUCT_NAME = "Life Meter";
				SDKROOT = macosx;
				SWIFT_ACTIVE_COMPILATION_CONDITIONS = DEBUG;
				SWIFT_OPTIMIZATION_LEVEL = "-Onone";
			};
			name = Debug;
		};
		CDC86D891DE3AFCA00ED1A9B /* Release */ = {
			isa = XCBuildConfiguration;
			buildSettings = {
				ALWAYS_SEARCH_USER_PATHS = NO;
				CLANG_ANALYZER_LOCALIZABILITY_NONLOCALIZED = YES;
				CLANG_ANALYZER_NONNULL = YES;
				CLANG_CXX_LANGUAGE_STANDARD = "gnu++0x";
				CLANG_CXX_LIBRARY = "libc++";
				CLANG_ENABLE_MODULES = YES;
				CLANG_ENABLE_OBJC_ARC = YES;
				CLANG_WARN_BLOCK_CAPTURE_AUTORELEASING = YES;
				CLANG_WARN_BOOL_CONVERSION = YES;
				CLANG_WARN_COMMA = YES;
				CLANG_WARN_CONSTANT_CONVERSION = YES;
				CLANG_WARN_DEPRECATED_OBJC_IMPLEMENTATIONS = YES;
				CLANG_WARN_DIRECT_OBJC_ISA_USAGE = YES_ERROR;
				CLANG_WARN_DOCUMENTATION_COMMENTS = YES;
				CLANG_WARN_EMPTY_BODY = YES;
				CLANG_WARN_ENUM_CONVERSION = YES;
				CLANG_WARN_INFINITE_RECURSION = YES;
				CLANG_WARN_INT_CONVERSION = YES;
				CLANG_WARN_NON_LITERAL_NULL_CONVERSION = YES;
				CLANG_WARN_OBJC_IMPLICIT_RETAIN_SELF = YES;
				CLANG_WARN_OBJC_LITERAL_CONVERSION = YES;
				CLANG_WARN_OBJC_ROOT_CLASS = YES_ERROR;
				CLANG_WARN_QUOTED_INCLUDE_IN_FRAMEWORK_HEADER = YES;
				CLANG_WARN_RANGE_LOOP_ANALYSIS = YES;
				CLANG_WARN_STRICT_PROTOTYPES = YES;
				CLANG_WARN_SUSPICIOUS_MOVE = YES;
				CLANG_WARN_SUSPICIOUS_MOVES = YES;
				CLANG_WARN_UNREACHABLE_CODE = YES;
				CLANG_WARN__DUPLICATE_METHOD_MATCH = YES;
				CODE_SIGN_IDENTITY = "Developer ID Application";
				COPY_PHASE_STRIP = NO;
				DEBUG_INFORMATION_FORMAT = "dwarf-with-dsym";
				ENABLE_NS_ASSERTIONS = NO;
				ENABLE_STRICT_OBJC_MSGSEND = YES;
				GCC_C_LANGUAGE_STANDARD = gnu99;
				GCC_NO_COMMON_BLOCKS = YES;
				GCC_WARN_64_TO_32_BIT_CONVERSION = YES;
				GCC_WARN_ABOUT_RETURN_TYPE = YES_ERROR;
				GCC_WARN_UNDECLARED_SELECTOR = YES;
				GCC_WARN_UNINITIALIZED_AUTOS = YES_AGGRESSIVE;
				GCC_WARN_UNUSED_FUNCTION = YES;
				GCC_WARN_UNUSED_VARIABLE = YES;
				MACOSX_DEPLOYMENT_TARGET = 10.12;
				MTL_ENABLE_DEBUG_INFO = NO;
				PRODUCT_NAME = "Life Meter";
				SDKROOT = macosx;
				SWIFT_OPTIMIZATION_LEVEL = "-Owholemodule";
			};
			name = Release;
		};
		CDC86D8B1DE3AFCA00ED1A9B /* Debug */ = {
			isa = XCBuildConfiguration;
			buildSettings = {
				ASSETCATALOG_COMPILER_APPICON_NAME = AppIcon;
				CLANG_ENABLE_MODULES = YES;
				CODE_SIGN_ENTITLEMENTS = LifeMeter/LifeMeter.entitlements;
				CODE_SIGN_IDENTITY = "Apple Development";
				COMBINE_HIDPI_IMAGES = YES;
				CURRENT_PROJECT_VERSION = 0;
				DEVELOPMENT_TEAM = CDD65LJK48;
				ENABLE_HARDENED_RUNTIME = YES;
				INFOPLIST_FILE = LifeMeter/Info.plist;
				LD_RUNPATH_SEARCH_PATHS = "$(inherited) @executable_path/../Frameworks";
				MARKETING_VERSION = 1.1;
				PRODUCT_BUNDLE_IDENTIFIER = net.codekitchen.LifeMeter;
				PRODUCT_MODULE_NAME = LifeMeter;
				PRODUCT_NAME = "Life Meter";
				SWIFT_OBJC_BRIDGING_HEADER = "LifeMeter/LifeMeter-Bridging-Header.h";
				SWIFT_OPTIMIZATION_LEVEL = "-Onone";
				SWIFT_VERSION = 5.0;
			};
			name = Debug;
		};
		CDC86D8C1DE3AFCA00ED1A9B /* Release */ = {
			isa = XCBuildConfiguration;
			buildSettings = {
				ASSETCATALOG_COMPILER_APPICON_NAME = AppIcon;
				CLANG_ENABLE_MODULES = YES;
				CODE_SIGN_ENTITLEMENTS = LifeMeter/LifeMeter.entitlements;
				CODE_SIGN_IDENTITY = "Developer ID Application";
				COMBINE_HIDPI_IMAGES = YES;
				CURRENT_PROJECT_VERSION = 0;
				DEVELOPMENT_TEAM = CDD65LJK48;
				ENABLE_HARDENED_RUNTIME = YES;
				INFOPLIST_FILE = LifeMeter/Info.plist;
				LD_RUNPATH_SEARCH_PATHS = "$(inherited) @executable_path/../Frameworks";
				MARKETING_VERSION = 1.1;
				PRODUCT_BUNDLE_IDENTIFIER = net.codekitchen.LifeMeter;
				PRODUCT_MODULE_NAME = LifeMeter;
				PRODUCT_NAME = "Life Meter";
				SWIFT_OBJC_BRIDGING_HEADER = "LifeMeter/LifeMeter-Bridging-Header.h";
				SWIFT_VERSION = 5.0;
			};
			name = Release;
		};
		CDC86D8E1DE3AFCA00ED1A9B /* Debug */ = {
			isa = XCBuildConfiguration;
			buildSettings = {
				ALWAYS_EMBED_SWIFT_STANDARD_LIBRARIES = YES;
				BUNDLE_LOADER = "$(TEST_HOST)";
				COMBINE_HIDPI_IMAGES = YES;
				DEVELOPMENT_TEAM = 6HMK6GJWMT;
				INFOPLIST_FILE = LifeMeterTests/Info.plist;
				LD_RUNPATH_SEARCH_PATHS = "$(inherited) @executable_path/../Frameworks @loader_path/../Frameworks";
				PRODUCT_BUNDLE_IDENTIFIER = net.codekitchen.LifeMeterTests;
				PRODUCT_NAME = "$(TARGET_NAME)";
				SWIFT_VERSION = 3.0;
				TEST_HOST = "$(BUILT_PRODUCTS_DIR)/Life Meter.app/Contents/MacOS/Life Meter";
			};
			name = Debug;
		};
		CDC86D8F1DE3AFCA00ED1A9B /* Release */ = {
			isa = XCBuildConfiguration;
			buildSettings = {
				ALWAYS_EMBED_SWIFT_STANDARD_LIBRARIES = YES;
				BUNDLE_LOADER = "$(TEST_HOST)";
				COMBINE_HIDPI_IMAGES = YES;
				DEVELOPMENT_TEAM = 6HMK6GJWMT;
				INFOPLIST_FILE = LifeMeterTests/Info.plist;
				LD_RUNPATH_SEARCH_PATHS = "$(inherited) @executable_path/../Frameworks @loader_path/../Frameworks";
				PRODUCT_BUNDLE_IDENTIFIER = net.codekitchen.LifeMeterTests;
				PRODUCT_NAME = "$(TARGET_NAME)";
				SWIFT_VERSION = 3.0;
				TEST_HOST = "$(BUILT_PRODUCTS_DIR)/Life Meter.app/Contents/MacOS/Life Meter";
			};
			name = Release;
		};
/* End XCBuildConfiguration section */

/* Begin XCConfigurationList section */
		CDC86D6D1DE3AFC900ED1A9B /* Build configuration list for PBXProject "LifeMeter" */ = {
			isa = XCConfigurationList;
			buildConfigurations = (
				CDC86D881DE3AFCA00ED1A9B /* Debug */,
				CDC86D891DE3AFCA00ED1A9B /* Release */,
			);
			defaultConfigurationIsVisible = 0;
			defaultConfigurationName = Release;
		};
		CDC86D8A1DE3AFCA00ED1A9B /* Build configuration list for PBXNativeTarget "LifeMeter" */ = {
			isa = XCConfigurationList;
			buildConfigurations = (
				CDC86D8B1DE3AFCA00ED1A9B /* Debug */,
				CDC86D8C1DE3AFCA00ED1A9B /* Release */,
			);
			defaultConfigurationIsVisible = 0;
			defaultConfigurationName = Release;
		};
		CDC86D8D1DE3AFCA00ED1A9B /* Build configuration list for PBXNativeTarget "LifeMeterTests" */ = {
			isa = XCConfigurationList;
			buildConfigurations = (
				CDC86D8E1DE3AFCA00ED1A9B /* Debug */,
				CDC86D8F1DE3AFCA00ED1A9B /* Release */,
			);
			defaultConfigurationIsVisible = 0;
			defaultConfigurationName = Release;
		};
/* End XCConfigurationList section */
	};
	rootObject = CDC86D6A1DE3AFC900ED1A9B /* Project object */;
}
